// !$*UTF8*$!
{
	archiveVersion = 1;
	classes = {
	};
	objectVersion = 56;
	objects = {

/* Begin PBXBuildFile section */
		EF20EBEB2BDB5ACB007C5A6D /* SimpleTableViewCell.swift in Sources */ = {isa = PBXBuildFile; fileRef = EF20EBEA2BDB5ACB007C5A6D /* SimpleTableViewCell.swift */; };
		EF20EBED2BDBEF21007C5A6D /* DetailViewcontroller.swift in Sources */ = {isa = PBXBuildFile; fileRef = EF20EBEC2BDBEF21007C5A6D /* DetailViewcontroller.swift */; };
		EF20EBEF2BDBFA15007C5A6D /* MemorizationService.swift in Sources */ = {isa = PBXBuildFile; fileRef = EF20EBEE2BDBFA15007C5A6D /* MemorizationService.swift */; };
		EFD6EC672BDAD577006337BB /* AppDelegate.swift in Sources */ = {isa = PBXBuildFile; fileRef = EFD6EC662BDAD577006337BB /* AppDelegate.swift */; };
		EFD6EC692BDAD577006337BB /* SceneDelegate.swift in Sources */ = {isa = PBXBuildFile; fileRef = EFD6EC682BDAD577006337BB /* SceneDelegate.swift */; };
		EFD6EC6B2BDAD577006337BB /* ViewController.swift in Sources */ = {isa = PBXBuildFile; fileRef = EFD6EC6A2BDAD577006337BB /* ViewController.swift */; };
		EFD6EC6E2BDAD577006337BB /* Main.storyboard in Resources */ = {isa = PBXBuildFile; fileRef = EFD6EC6C2BDAD577006337BB /* Main.storyboard */; };
		EFD6EC702BDAD579006337BB /* Assets.xcassets in Resources */ = {isa = PBXBuildFile; fileRef = EFD6EC6F2BDAD579006337BB /* Assets.xcassets */; };
		EFD6EC732BDAD579006337BB /* LaunchScreen.storyboard in Resources */ = {isa = PBXBuildFile; fileRef = EFD6EC712BDAD579006337BB /* LaunchScreen.storyboard */; };
		EFD6EC7E2BDAD579006337BB /* PaginationAppTests.swift in Sources */ = {isa = PBXBuildFile; fileRef = EFD6EC7D2BDAD579006337BB /* PaginationAppTests.swift */; };
		EFD6EC882BDAD579006337BB /* PaginationAppUITests.swift in Sources */ = {isa = PBXBuildFile; fileRef = EFD6EC872BDAD579006337BB /* PaginationAppUITests.swift */; };
		EFD6EC8A2BDAD579006337BB /* PaginationAppUITestsLaunchTests.swift in Sources */ = {isa = PBXBuildFile; fileRef = EFD6EC892BDAD579006337BB /* PaginationAppUITestsLaunchTests.swift */; };
		EFD6EC972BDAD592006337BB /* Modal.swift in Sources */ = {isa = PBXBuildFile; fileRef = EFD6EC962BDAD592006337BB /* Modal.swift */; };
		EFD6EC992BDAD8B7006337BB /* NetworkRequestManager.swift in Sources */ = {isa = PBXBuildFile; fileRef = EFD6EC982BDAD8B7006337BB /* NetworkRequestManager.swift */; };
/* End PBXBuildFile section */

/* Begin PBXContainerItemProxy section */
		EFD6EC7A2BDAD579006337BB /* PBXContainerItemProxy */ = {
			isa = PBXContainerItemProxy;
			containerPortal = EFD6EC5B2BDAD577006337BB /* Project object */;
			proxyType = 1;
			remoteGlobalIDString = EFD6EC622BDAD577006337BB;
			remoteInfo = PaginationApp;
		};
		EFD6EC842BDAD579006337BB /* PBXContainerItemProxy */ = {
			isa = PBXContainerItemProxy;
			containerPortal = EFD6EC5B2BDAD577006337BB /* Project object */;
			proxyType = 1;
			remoteGlobalIDString = EFD6EC622BDAD577006337BB;
			remoteInfo = PaginationApp;
		};
/* End PBXContainerItemProxy section */

/* Begin PBXFileReference section */
		EF20EBEA2BDB5ACB007C5A6D /* SimpleTableViewCell.swift */ = {isa = PBXFileReference; lastKnownFileType = sourcecode.swift; path = SimpleTableViewCell.swift; sourceTree = "<group>"; };
		EF20EBEC2BDBEF21007C5A6D /* DetailViewcontroller.swift */ = {isa = PBXFileReference; lastKnownFileType = sourcecode.swift; path = DetailViewcontroller.swift; sourceTree = "<group>"; };
		EF20EBEE2BDBFA15007C5A6D /* MemorizationService.swift */ = {isa = PBXFileReference; lastKnownFileType = sourcecode.swift; path = MemorizationService.swift; sourceTree = "<group>"; };
		EFD6EC632BDAD577006337BB /* PaginationApp.app */ = {isa = PBXFileReference; explicitFileType = wrapper.application; includeInIndex = 0; path = PaginationApp.app; sourceTree = BUILT_PRODUCTS_DIR; };
		EFD6EC662BDAD577006337BB /* AppDelegate.swift */ = {isa = PBXFileReference; lastKnownFileType = sourcecode.swift; path = AppDelegate.swift; sourceTree = "<group>"; };
		EFD6EC682BDAD577006337BB /* SceneDelegate.swift */ = {isa = PBXFileReference; lastKnownFileType = sourcecode.swift; path = SceneDelegate.swift; sourceTree = "<group>"; };
		EFD6EC6A2BDAD577006337BB /* ViewController.swift */ = {isa = PBXFileReference; lastKnownFileType = sourcecode.swift; path = ViewController.swift; sourceTree = "<group>"; };
		EFD6EC6D2BDAD577006337BB /* Base */ = {isa = PBXFileReference; lastKnownFileType = file.storyboard; name = Base; path = Base.lproj/Main.storyboard; sourceTree = "<group>"; };
		EFD6EC6F2BDAD579006337BB /* Assets.xcassets */ = {isa = PBXFileReference; lastKnownFileType = folder.assetcatalog; path = Assets.xcassets; sourceTree = "<group>"; };
		EFD6EC722BDAD579006337BB /* Base */ = {isa = PBXFileReference; lastKnownFileType = file.storyboard; name = Base; path = Base.lproj/LaunchScreen.storyboard; sourceTree = "<group>"; };
		EFD6EC742BDAD579006337BB /* Info.plist */ = {isa = PBXFileReference; lastKnownFileType = text.plist.xml; path = Info.plist; sourceTree = "<group>"; };
		EFD6EC792BDAD579006337BB /* PaginationAppTests.xctest */ = {isa = PBXFileReference; explicitFileType = wrapper.cfbundle; includeInIndex = 0; path = PaginationAppTests.xctest; sourceTree = BUILT_PRODUCTS_DIR; };
		EFD6EC7D2BDAD579006337BB /* PaginationAppTests.swift */ = {isa = PBXFileReference; lastKnownFileType = sourcecode.swift; path = PaginationAppTests.swift; sourceTree = "<group>"; };
		EFD6EC832BDAD579006337BB /* PaginationAppUITests.xctest */ = {isa = PBXFileReference; explicitFileType = wrapper.cfbundle; includeInIndex = 0; path = PaginationAppUITests.xctest; sourceTree = BUILT_PRODUCTS_DIR; };
		EFD6EC872BDAD579006337BB /* PaginationAppUITests.swift */ = {isa = PBXFileReference; lastKnownFileType = sourcecode.swift; path = PaginationAppUITests.swift; sourceTree = "<group>"; };
		EFD6EC892BDAD579006337BB /* PaginationAppUITestsLaunchTests.swift */ = {isa = PBXFileReference; lastKnownFileType = sourcecode.swift; path = PaginationAppUITestsLaunchTests.swift; sourceTree = "<group>"; };
		EFD6EC962BDAD592006337BB /* Modal.swift */ = {isa = PBXFileReference; lastKnownFileType = sourcecode.swift; path = Modal.swift; sourceTree = "<group>"; };
		EFD6EC982BDAD8B7006337BB /* NetworkRequestManager.swift */ = {isa = PBXFileReference; lastKnownFileType = sourcecode.swift; path = NetworkRequestManager.swift; sourceTree = "<group>"; };
/* End PBXFileReference section */

/* Begin PBXFrameworksBuildPhase section */
		EFD6EC602BDAD577006337BB /* Frameworks */ = {
			isa = PBXFrameworksBuildPhase;
			buildActionMask = 2147483647;
			files = (
			);
			runOnlyForDeploymentPostprocessing = 0;
		};
		EFD6EC762BDAD579006337BB /* Frameworks */ = {
			isa = PBXFrameworksBuildPhase;
			buildActionMask = 2147483647;
			files = (
			);
			runOnlyForDeploymentPostprocessing = 0;
		};
		EFD6EC802BDAD579006337BB /* Frameworks */ = {
			isa = PBXFrameworksBuildPhase;
			buildActionMask = 2147483647;
			files = (
			);
			runOnlyForDeploymentPostprocessing = 0;
		};
/* End PBXFrameworksBuildPhase section */

/* Begin PBXGroup section */
		EF20EBF02BDC339B007C5A6D /* ViewController */ = {
			isa = PBXGroup;
			children = (
				EFD6EC6A2BDAD577006337BB /* ViewController.swift */,
				EF20EBEC2BDBEF21007C5A6D /* DetailViewcontroller.swift */,
			);
			path = ViewController;
			sourceTree = "<group>";
		};
		EF20EBF12BDC33B8007C5A6D /* Views */ = {
			isa = PBXGroup;
			children = (
				EF20EBEA2BDB5ACB007C5A6D /* SimpleTableViewCell.swift */,
			);
			path = Views;
			sourceTree = "<group>";
		};
		EF20EBF22BDC33DD007C5A6D /* Modal */ = {
			isa = PBXGroup;
			children = (
				EFD6EC962BDAD592006337BB /* Modal.swift */,
			);
			path = Modal;
			sourceTree = "<group>";
		};
		EF20EBF32BDC33F7007C5A6D /* Manager */ = {
			isa = PBXGroup;
			children = (
				EF20EBEE2BDBFA15007C5A6D /* MemorizationService.swift */,
				EFD6EC982BDAD8B7006337BB /* NetworkRequestManager.swift */,
			);
			path = Manager;
			sourceTree = "<group>";
		};
		EFD6EC5A2BDAD577006337BB = {
			isa = PBXGroup;
			children = (
				EFD6EC652BDAD577006337BB /* PaginationApp */,
				EFD6EC7C2BDAD579006337BB /* PaginationAppTests */,
				EFD6EC862BDAD579006337BB /* PaginationAppUITests */,
				EFD6EC642BDAD577006337BB /* Products */,
			);
			sourceTree = "<group>";
		};
		EFD6EC642BDAD577006337BB /* Products */ = {
			isa = PBXGroup;
			children = (
				EFD6EC632BDAD577006337BB /* PaginationApp.app */,
				EFD6EC792BDAD579006337BB /* PaginationAppTests.xctest */,
				EFD6EC832BDAD579006337BB /* PaginationAppUITests.xctest */,
			);
			name = Products;
			sourceTree = "<group>";
		};
		EFD6EC652BDAD577006337BB /* PaginationApp */ = {
			isa = PBXGroup;
			children = (
				EF20EBF32BDC33F7007C5A6D /* Manager */,
				EF20EBF22BDC33DD007C5A6D /* Modal */,
				EF20EBF12BDC33B8007C5A6D /* Views */,
				EF20EBF02BDC339B007C5A6D /* ViewController */,
				EFD6EC662BDAD577006337BB /* AppDelegate.swift */,
				EFD6EC682BDAD577006337BB /* SceneDelegate.swift */,
				EFD6EC6C2BDAD577006337BB /* Main.storyboard */,
				EFD6EC6F2BDAD579006337BB /* Assets.xcassets */,
				EFD6EC712BDAD579006337BB /* LaunchScreen.storyboard */,
				EFD6EC742BDAD579006337BB /* Info.plist */,
			);
			path = PaginationApp;
			sourceTree = "<group>";
		};
		EFD6EC7C2BDAD579006337BB /* PaginationAppTests */ = {
			isa = PBXGroup;
			children = (
				EFD6EC7D2BDAD579006337BB /* PaginationAppTests.swift */,
			);
			path = PaginationAppTests;
			sourceTree = "<group>";
		};
		EFD6EC862BDAD579006337BB /* PaginationAppUITests */ = {
			isa = PBXGroup;
			children = (
				EFD6EC872BDAD579006337BB /* PaginationAppUITests.swift */,
				EFD6EC892BDAD579006337BB /* PaginationAppUITestsLaunchTests.swift */,
			);
			path = PaginationAppUITests;
			sourceTree = "<group>";
		};
/* End PBXGroup section */

/* Begin PBXNativeTarget section */
		EFD6EC622BDAD577006337BB /* PaginationApp */ = {
			isa = PBXNativeTarget;
			buildConfigurationList = EFD6EC8D2BDAD579006337BB /* Build configuration list for PBXNativeTarget "PaginationApp" */;
			buildPhases = (
				EFD6EC5F2BDAD577006337BB /* Sources */,
				EFD6EC602BDAD577006337BB /* Frameworks */,
				EFD6EC612BDAD577006337BB /* Resources */,
			);
			buildRules = (
			);
			dependencies = (
			);
			name = PaginationApp;
			productName = PaginationApp;
			productReference = EFD6EC632BDAD577006337BB /* PaginationApp.app */;
			productType = "com.apple.product-type.application";
		};
		EFD6EC782BDAD579006337BB /* PaginationAppTests */ = {
			isa = PBXNativeTarget;
			buildConfigurationList = EFD6EC902BDAD579006337BB /* Build configuration list for PBXNativeTarget "PaginationAppTests" */;
			buildPhases = (
				EFD6EC752BDAD579006337BB /* Sources */,
				EFD6EC762BDAD579006337BB /* Frameworks */,
				EFD6EC772BDAD579006337BB /* Resources */,
			);
			buildRules = (
			);
			dependencies = (
				EFD6EC7B2BDAD579006337BB /* PBXTargetDependency */,
			);
			name = PaginationAppTests;
			productName = PaginationAppTests;
			productReference = EFD6EC792BDAD579006337BB /* PaginationAppTests.xctest */;
			productType = "com.apple.product-type.bundle.unit-test";
		};
		EFD6EC822BDAD579006337BB /* PaginationAppUITests */ = {
			isa = PBXNativeTarget;
			buildConfigurationList = EFD6EC932BDAD579006337BB /* Build configuration list for PBXNativeTarget "PaginationAppUITests" */;
			buildPhases = (
				EFD6EC7F2BDAD579006337BB /* Sources */,
				EFD6EC802BDAD579006337BB /* Frameworks */,
				EFD6EC812BDAD579006337BB /* Resources */,
			);
			buildRules = (
			);
			dependencies = (
				EFD6EC852BDAD579006337BB /* PBXTargetDependency */,
			);
			name = PaginationAppUITests;
			productName = PaginationAppUITests;
			productReference = EFD6EC832BDAD579006337BB /* PaginationAppUITests.xctest */;
			productType = "com.apple.product-type.bundle.ui-testing";
		};
/* End PBXNativeTarget section */

/* Begin PBXProject section */
		EFD6EC5B2BDAD577006337BB /* Project object */ = {
			isa = PBXProject;
			attributes = {
				BuildIndependentTargetsInParallel = 1;
				LastSwiftUpdateCheck = 1500;
				LastUpgradeCheck = 1500;
				TargetAttributes = {
					EFD6EC622BDAD577006337BB = {
						CreatedOnToolsVersion = 15.0;
					};
					EFD6EC782BDAD579006337BB = {
						CreatedOnToolsVersion = 15.0;
						TestTargetID = EFD6EC622BDAD577006337BB;
					};
					EFD6EC822BDAD579006337BB = {
						CreatedOnToolsVersion = 15.0;
						TestTargetID = EFD6EC622BDAD577006337BB;
					};
				};
			};
			buildConfigurationList = EFD6EC5E2BDAD577006337BB /* Build configuration list for PBXProject "PaginationApp" */;
			compatibilityVersion = "Xcode 14.0";
			developmentRegion = en;
			hasScannedForEncodings = 0;
			knownRegions = (
				en,
				Base,
			);
			mainGroup = EFD6EC5A2BDAD577006337BB;
			productRefGroup = EFD6EC642BDAD577006337BB /* Products */;
			projectDirPath = "";
			projectRoot = "";
			targets = (
				EFD6EC622BDAD577006337BB /* PaginationApp */,
				EFD6EC782BDAD579006337BB /* PaginationAppTests */,
				EFD6EC822BDAD579006337BB /* PaginationAppUITests */,
			);
		};
/* End PBXProject section */

/* Begin PBXResourcesBuildPhase section */
		EFD6EC612BDAD577006337BB /* Resources */ = {
			isa = PBXResourcesBuildPhase;
			buildActionMask = 2147483647;
			files = (
				EFD6EC732BDAD579006337BB /* LaunchScreen.storyboard in Resources */,
				EFD6EC702BDAD579006337BB /* Assets.xcassets in Resources */,
				EFD6EC6E2BDAD577006337BB /* Main.storyboard in Resources */,
			);
			runOnlyForDeploymentPostprocessing = 0;
		};
		EFD6EC772BDAD579006337BB /* Resources */ = {
			isa = PBXResourcesBuildPhase;
			buildActionMask = 2147483647;
			files = (
			);
			runOnlyForDeploymentPostprocessing = 0;
		};
		EFD6EC812BDAD579006337BB /* Resources */ = {
			isa = PBXResourcesBuildPhase;
			buildActionMask = 2147483647;
			files = (
			);
			runOnlyForDeploymentPostprocessing = 0;
		};
/* End PBXResourcesBuildPhase section */

/* Begin PBXSourcesBuildPhase section */
		EFD6EC5F2BDAD577006337BB /* Sources */ = {
			isa = PBXSourcesBuildPhase;
			buildActionMask = 2147483647;
			files = (
				EFD6EC6B2BDAD577006337BB /* ViewController.swift in Sources */,
				EFD6EC992BDAD8B7006337BB /* NetworkRequestManager.swift in Sources */,
				EF20EBED2BDBEF21007C5A6D /* DetailViewcontroller.swift in Sources */,
				EF20EBEF2BDBFA15007C5A6D /* MemorizationService.swift in Sources */,
				EFD6EC672BDAD577006337BB /* AppDelegate.swift in Sources */,
				EF20EBEB2BDB5ACB007C5A6D /* SimpleTableViewCell.swift in Sources */,
				EFD6EC692BDAD577006337BB /* SceneDelegate.swift in Sources */,
				EFD6EC972BDAD592006337BB /* Modal.swift in Sources */,
			);
			runOnlyForDeploymentPostprocessing = 0;
		};
		EFD6EC752BDAD579006337BB /* Sources */ = {
			isa = PBXSourcesBuildPhase;
			buildActionMask = 2147483647;
			files = (
				EFD6EC7E2BDAD579006337BB /* PaginationAppTests.swift in Sources */,
			);
			runOnlyForDeploymentPostprocessing = 0;
		};
		EFD6EC7F2BDAD579006337BB /* Sources */ = {
			isa = PBXSourcesBuildPhase;
			buildActionMask = 2147483647;
			files = (
				EFD6EC8A2BDAD579006337BB /* PaginationAppUITestsLaunchTests.swift in Sources */,
				EFD6EC882BDAD579006337BB /* PaginationAppUITests.swift in Sources */,
			);
			runOnlyForDeploymentPostprocessing = 0;
		};
/* End PBXSourcesBuildPhase section */

/* Begin PBXTargetDependency section */
		EFD6EC7B2BDAD579006337BB /* PBXTargetDependency */ = {
			isa = PBXTargetDependency;
			target = EFD6EC622BDAD577006337BB /* PaginationApp */;
			targetProxy = EFD6EC7A2BDAD579006337BB /* PBXContainerItemProxy */;
		};
		EFD6EC852BDAD579006337BB /* PBXTargetDependency */ = {
			isa = PBXTargetDependency;
			target = EFD6EC622BDAD577006337BB /* PaginationApp */;
			targetProxy = EFD6EC842BDAD579006337BB /* PBXContainerItemProxy */;
		};
/* End PBXTargetDependency section */

/* Begin PBXVariantGroup section */
		EFD6EC6C2BDAD577006337BB /* Main.storyboard */ = {
			isa = PBXVariantGroup;
			children = (
				EFD6EC6D2BDAD577006337BB /* Base */,
			);
			name = Main.storyboard;
			sourceTree = "<group>";
		};
		EFD6EC712BDAD579006337BB /* LaunchScreen.storyboard */ = {
			isa = PBXVariantGroup;
			children = (
				EFD6EC722BDAD579006337BB /* Base */,
			);
			name = LaunchScreen.storyboard;
			sourceTree = "<group>";
		};
/* End PBXVariantGroup section */

/* Begin XCBuildConfiguration section */
		EFD6EC8B2BDAD579006337BB /* Debug */ = {
			isa = XCBuildConfiguration;
			buildSettings = {
				ALWAYS_SEARCH_USER_PATHS = NO;
				ASSETCATALOG_COMPILER_GENERATE_SWIFT_ASSET_SYMBOL_EXTENSIONS = YES;
				CLANG_ANALYZER_NONNULL = YES;
				CLANG_ANALYZER_NUMBER_OBJECT_CONVERSION = YES_AGGRESSIVE;
				CLANG_CXX_LANGUAGE_STANDARD = "gnu++20";
				CLANG_ENABLE_MODULES = YES;
				CLANG_ENABLE_OBJC_ARC = YES;
				CLANG_ENABLE_OBJC_WEAK = YES;
				CLANG_WARN_BLOCK_CAPTURE_AUTORELEASING = YES;
				CLANG_WARN_BOOL_CONVERSION = YES;
				CLANG_WARN_COMMA = YES;
				CLANG_WARN_CONSTANT_CONVERSION = YES;
				CLANG_WARN_DEPRECATED_OBJC_IMPLEMENTATIONS = YES;
				CLANG_WARN_DIRECT_OBJC_ISA_USAGE = YES_ERROR;
				CLANG_WARN_DOCUMENTATION_COMMENTS = YES;
				CLANG_WARN_EMPTY_BODY = YES;
				CLANG_WARN_ENUM_CONVERSION = YES;
				CLANG_WARN_INFINITE_RECURSION = YES;
				CLANG_WARN_INT_CONVERSION = YES;
				CLANG_WARN_NON_LITERAL_NULL_CONVERSION = YES;
				CLANG_WARN_OBJC_IMPLICIT_RETAIN_SELF = YES;
				CLANG_WARN_OBJC_LITERAL_CONVERSION = YES;
				CLANG_WARN_OBJC_ROOT_CLASS = YES_ERROR;
				CLANG_WARN_QUOTED_INCLUDE_IN_FRAMEWORK_HEADER = YES;
				CLANG_WARN_RANGE_LOOP_ANALYSIS = YES;
				CLANG_WARN_STRICT_PROTOTYPES = YES;
				CLANG_WARN_SUSPICIOUS_MOVE = YES;
				CLANG_WARN_UNGUARDED_AVAILABILITY = YES_AGGRESSIVE;
				CLANG_WARN_UNREACHABLE_CODE = YES;
				CLANG_WARN__DUPLICATE_METHOD_MATCH = YES;
				COPY_PHASE_STRIP = NO;
				DEBUG_INFORMATION_FORMAT = dwarf;
				ENABLE_STRICT_OBJC_MSGSEND = YES;
				ENABLE_TESTABILITY = YES;
				ENABLE_USER_SCRIPT_SANDBOXING = YES;
				GCC_C_LANGUAGE_STANDARD = gnu17;
				GCC_DYNAMIC_NO_PIC = NO;
				GCC_NO_COMMON_BLOCKS = YES;
				GCC_OPTIMIZATION_LEVEL = 0;
				GCC_PREPROCESSOR_DEFINITIONS = (
					"DEBUG=1",
					"$(inherited)",
				);
				GCC_WARN_64_TO_32_BIT_CONVERSION = YES;
				GCC_WARN_ABOUT_RETURN_TYPE = YES_ERROR;
				GCC_WARN_UNDECLARED_SELECTOR = YES;
				GCC_WARN_UNINITIALIZED_AUTOS = YES_AGGRESSIVE;
				GCC_WARN_UNUSED_FUNCTION = YES;
				GCC_WARN_UNUSED_VARIABLE = YES;
				IPHONEOS_DEPLOYMENT_TARGET = 17.0;
				LOCALIZATION_PREFERS_STRING_CATALOGS = YES;
				MTL_ENABLE_DEBUG_INFO = INCLUDE_SOURCE;
				MTL_FAST_MATH = YES;
				ONLY_ACTIVE_ARCH = YES;
				SDKROOT = iphoneos;
				SWIFT_ACTIVE_COMPILATION_CONDITIONS = "DEBUG $(inherited)";
				SWIFT_OPTIMIZATION_LEVEL = "-Onone";
			};
			name = Debug;
		};
		EFD6EC8C2BDAD579006337BB /* Release */ = {
			isa = XCBuildConfiguration;
			buildSettings = {
				ALWAYS_SEARCH_USER_PATHS = NO;
				ASSETCATALOG_COMPILER_GENERATE_SWIFT_ASSET_SYMBOL_EXTENSIONS = YES;
				CLANG_ANALYZER_NONNULL = YES;
				CLANG_ANALYZER_NUMBER_OBJECT_CONVERSION = YES_AGGRESSIVE;
				CLANG_CXX_LANGUAGE_STANDARD = "gnu++20";
				CLANG_ENABLE_MODULES = YES;
				CLANG_ENABLE_OBJC_ARC = YES;
				CLANG_ENABLE_OBJC_WEAK = YES;
				CLANG_WARN_BLOCK_CAPTURE_AUTORELEASING = YES;
				CLANG_WARN_BOOL_CONVERSION = YES;
				CLANG_WARN_COMMA = YES;
				CLANG_WARN_CONSTANT_CONVERSION = YES;
				CLANG_WARN_DEPRECATED_OBJC_IMPLEMENTATIONS = YES;
				CLANG_WARN_DIRECT_OBJC_ISA_USAGE = YES_ERROR;
				CLANG_WARN_DOCUMENTATION_COMMENTS = YES;
				CLANG_WARN_EMPTY_BODY = YES;
				CLANG_WARN_ENUM_CONVERSION = YES;
				CLANG_WARN_INFINITE_RECURSION = YES;
				CLANG_WARN_INT_CONVERSION = YES;
				CLANG_WARN_NON_LITERAL_NULL_CONVERSION = YES;
				CLANG_WARN_OBJC_IMPLICIT_RETAIN_SELF = YES;
				CLANG_WARN_OBJC_LITERAL_CONVERSION = YES;
				CLANG_WARN_OBJC_ROOT_CLASS = YES_ERROR;
				CLANG_WARN_QUOTED_INCLUDE_IN_FRAMEWORK_HEADER = YES;
				CLANG_WARN_RANGE_LOOP_ANALYSIS = YES;
				CLANG_WARN_STRICT_PROTOTYPES = YES;
				CLANG_WARN_SUSPICIOUS_MOVE = YES;
				CLANG_WARN_UNGUARDED_AVAILABILITY = YES_AGGRESSIVE;
				CLANG_WARN_UNREACHABLE_CODE = YES;
				CLANG_WARN__DUPLICATE_METHOD_MATCH = YES;
				COPY_PHASE_STRIP = NO;
				DEBUG_INFORMATION_FORMAT = "dwarf-with-dsym";
				ENABLE_NS_ASSERTIONS = NO;
				ENABLE_STRICT_OBJC_MSGSEND = YES;
				ENABLE_USER_SCRIPT_SANDBOXING = YES;
				GCC_C_LANGUAGE_STANDARD = gnu17;
				GCC_NO_COMMON_BLOCKS = YES;
				GCC_WARN_64_TO_32_BIT_CONVERSION = YES;
				GCC_WARN_ABOUT_RETURN_TYPE = YES_ERROR;
				GCC_WARN_UNDECLARED_SELECTOR = YES;
				GCC_WARN_UNINITIALIZED_AUTOS = YES_AGGRESSIVE;
				GCC_WARN_UNUSED_FUNCTION = YES;
				GCC_WARN_UNUSED_VARIABLE = YES;
				IPHONEOS_DEPLOYMENT_TARGET = 17.0;
				LOCALIZATION_PREFERS_STRING_CATALOGS = YES;
				MTL_ENABLE_DEBUG_INFO = NO;
				MTL_FAST_MATH = YES;
				SDKROOT = iphoneos;
				SWIFT_COMPILATION_MODE = wholemodule;
				VALIDATE_PRODUCT = YES;
			};
			name = Release;
		};
		EFD6EC8E2BDAD579006337BB /* Debug */ = {
			isa = XCBuildConfiguration;
			buildSettings = {
				ASSETCATALOG_COMPILER_APPICON_NAME = AppIcon;
				ASSETCATALOG_COMPILER_GLOBAL_ACCENT_COLOR_NAME = AccentColor;
				CODE_SIGN_STYLE = Automatic;
				CURRENT_PROJECT_VERSION = 1;
				DEVELOPMENT_TEAM = 4VKHVRSVX4;
				GENERATE_INFOPLIST_FILE = YES;
				INFOPLIST_FILE = PaginationApp/Info.plist;
				INFOPLIST_KEY_UIApplicationSupportsIndirectInputEvents = YES;
				INFOPLIST_KEY_UILaunchStoryboardName = LaunchScreen;
				INFOPLIST_KEY_UIMainStoryboardFile = Main;
				INFOPLIST_KEY_UISupportedInterfaceOrientations_iPad = "UIInterfaceOrientationPortrait UIInterfaceOrientationPortraitUpsideDown UIInterfaceOrientationLandscapeLeft UIInterfaceOrientationLandscapeRight";
				INFOPLIST_KEY_UISupportedInterfaceOrientations_iPhone = "UIInterfaceOrientationPortrait UIInterfaceOrientationLandscapeLeft UIInterfaceOrientationLandscapeRight";
				IPHONEOS_DEPLOYMENT_TARGET = 16.0;
				LD_RUNPATH_SEARCH_PATHS = (
					"$(inherited)",
					"@executable_path/Frameworks",
				);
				MARKETING_VERSION = 1.0;
				PRODUCT_BUNDLE_IDENTIFIER = com.MyComp.PaginationApp;
				PRODUCT_NAME = "$(TARGET_NAME)";
				SWIFT_EMIT_LOC_STRINGS = YES;
				SWIFT_VERSION = 5.0;
				TARGETED_DEVICE_FAMILY = "1,2";
			};
			name = Debug;
		};
		EFD6EC8F2BDAD579006337BB /* Release */ = {
			isa = XCBuildConfiguration;
			buildSettings = {
				ASSETCATALOG_COMPILER_APPICON_NAME = AppIcon;
				ASSETCATALOG_COMPILER_GLOBAL_ACCENT_COLOR_NAME = AccentColor;
				CODE_SIGN_STYLE = Automatic;
				CURRENT_PROJECT_VERSION = 1;
				DEVELOPMENT_TEAM = 4VKHVRSVX4;
				GENERATE_INFOPLIST_FILE = YES;
				INFOPLIST_FILE = PaginationApp/Info.plist;
				INFOPLIST_KEY_UIApplicationSupportsIndirectInputEvents = YES;
				INFOPLIST_KEY_UILaunchStoryboardName = LaunchScreen;
				INFOPLIST_KEY_UIMainStoryboardFile = Main;
				INFOPLIST_KEY_UISupportedInterfaceOrientations_iPad = "UIInterfaceOrientationPortrait UIInterfaceOrientationPortraitUpsideDown UIInterfaceOrientationLandscapeLeft UIInterfaceOrientationLandscapeRight";
				INFOPLIST_KEY_UISupportedInterfaceOrientations_iPhone = "UIInterfaceOrientationPortrait UIInterfaceOrientationLandscapeLeft UIInterfaceOrientationLandscapeRight";
				IPHONEOS_DEPLOYMENT_TARGET = 16.0;
				LD_RUNPATH_SEARCH_PATHS = (
					"$(inherited)",
					"@executable_path/Frameworks",
				);
				MARKETING_VERSION = 1.0;
				PRODUCT_BUNDLE_IDENTIFIER = com.MyComp.PaginationApp;
				PRODUCT_NAME = "$(TARGET_NAME)";
				SWIFT_EMIT_LOC_STRINGS = YES;
				SWIFT_VERSION = 5.0;
				TARGETED_DEVICE_FAMILY = "1,2";
			};
			name = Release;
		};
		EFD6EC912BDAD579006337BB /* Debug */ = {
			isa = XCBuildConfiguration;
			buildSettings = {
				ALWAYS_EMBED_SWIFT_STANDARD_LIBRARIES = YES;
				BUNDLE_LOADER = "$(TEST_HOST)";
				CODE_SIGN_STYLE = Automatic;
				CURRENT_PROJECT_VERSION = 1;
				DEVELOPMENT_TEAM = 4VKHVRSVX4;
				GENERATE_INFOPLIST_FILE = YES;
				IPHONEOS_DEPLOYMENT_TARGET = 17.0;
				MARKETING_VERSION = 1.0;
				PRODUCT_BUNDLE_IDENTIFIER = com.MyComp.PaginationAppTests;
				PRODUCT_NAME = "$(TARGET_NAME)";
				SWIFT_EMIT_LOC_STRINGS = NO;
				SWIFT_VERSION = 5.0;
				TARGETED_DEVICE_FAMILY = "1,2";
				TEST_HOST = "$(BUILT_PRODUCTS_DIR)/PaginationApp.app/$(BUNDLE_EXECUTABLE_FOLDER_PATH)/PaginationApp";
			};
			name = Debug;
		};
		EFD6EC922BDAD579006337BB /* Release */ = {
			isa = XCBuildConfiguration;
			buildSettings = {
				ALWAYS_EMBED_SWIFT_STANDARD_LIBRARIES = YES;
				BUNDLE_LOADER = "$(TEST_HOST)";
				CODE_SIGN_STYLE = Automatic;
				CURRENT_PROJECT_VERSION = 1;
				DEVELOPMENT_TEAM = 4VKHVRSVX4;
				GENERATE_INFOPLIST_FILE = YES;
				IPHONEOS_DEPLOYMENT_TARGET = 17.0;
				MARKETING_VERSION = 1.0;
				PRODUCT_BUNDLE_IDENTIFIER = com.MyComp.PaginationAppTests;
				PRODUCT_NAME = "$(TARGET_NAME)";
				SWIFT_EMIT_LOC_STRINGS = NO;
				SWIFT_VERSION = 5.0;
				TARGETED_DEVICE_FAMILY = "1,2";
				TEST_HOST = "$(BUILT_PRODUCTS_DIR)/PaginationApp.app/$(BUNDLE_EXECUTABLE_FOLDER_PATH)/PaginationApp";
			};
			name = Release;
		};
		EFD6EC942BDAD579006337BB /* Debug */ = {
			isa = XCBuildConfiguration;
			buildSettings = {
				ALWAYS_EMBED_SWIFT_STANDARD_LIBRARIES = YES;
				CODE_SIGN_STYLE = Automatic;
				CURRENT_PROJECT_VERSION = 1;
				DEVELOPMENT_TEAM = 4VKHVRSVX4;
				GENERATE_INFOPLIST_FILE = YES;
				MARKETING_VERSION = 1.0;
				PRODUCT_BUNDLE_IDENTIFIER = com.MyComp.PaginationAppUITests;
				PRODUCT_NAME = "$(TARGET_NAME)";
				SWIFT_EMIT_LOC_STRINGS = NO;
				SWIFT_VERSION = 5.0;
				TARGETED_DEVICE_FAMILY = "1,2";
				TEST_TARGET_NAME = PaginationApp;
			};
			name = Debug;
		};
		EFD6EC952BDAD579006337BB /* Release */ = {
			isa = XCBuildConfiguration;
			buildSettings = {
				ALWAYS_EMBED_SWIFT_STANDARD_LIBRARIES = YES;
				CODE_SIGN_STYLE = Automatic;
				CURRENT_PROJECT_VERSION = 1;
				DEVELOPMENT_TEAM = 4VKHVRSVX4;
				GENERATE_INFOPLIST_FILE = YES;
				MARKETING_VERSION = 1.0;
				PRODUCT_BUNDLE_IDENTIFIER = com.MyComp.PaginationAppUITests;
				PRODUCT_NAME = "$(TARGET_NAME)";
				SWIFT_EMIT_LOC_STRINGS = NO;
				SWIFT_VERSION = 5.0;
				TARGETED_DEVICE_FAMILY = "1,2";
				TEST_TARGET_NAME = PaginationApp;
			};
			name = Release;
		};
/* End XCBuildConfiguration section */

/* Begin XCConfigurationList section */
		EFD6EC5E2BDAD577006337BB /* Build configuration list for PBXProject "PaginationApp" */ = {
			isa = XCConfigurationList;
			buildConfigurations = (
				EFD6EC8B2BDAD579006337BB /* Debug */,
				EFD6EC8C2BDAD579006337BB /* Release */,
			);
			defaultConfigurationIsVisible = 0;
			defaultConfigurationName = Release;
		};
		EFD6EC8D2BDAD579006337BB /* Build configuration list for PBXNativeTarget "PaginationApp" */ = {
			isa = XCConfigurationList;
			buildConfigurations = (
				EFD6EC8E2BDAD579006337BB /* Debug */,
				EFD6EC8F2BDAD579006337BB /* Release */,
			);
			defaultConfigurationIsVisible = 0;
			defaultConfigurationName = Release;
		};
		EFD6EC902BDAD579006337BB /* Build configuration list for PBXNativeTarget "PaginationAppTests" */ = {
			isa = XCConfigurationList;
			buildConfigurations = (
				EFD6EC912BDAD579006337BB /* Debug */,
				EFD6EC922BDAD579006337BB /* Release */,
			);
			defaultConfigurationIsVisible = 0;
			defaultConfigurationName = Release;
		};
		EFD6EC932BDAD579006337BB /* Build configuration list for PBXNativeTarget "PaginationAppUITests" */ = {
			isa = XCConfigurationList;
			buildConfigurations = (
				EFD6EC942BDAD579006337BB /* Debug */,
				EFD6EC952BDAD579006337BB /* Release */,
			);
			defaultConfigurationIsVisible = 0;
			defaultConfigurationName = Release;
		};
/* End XCConfigurationList section */
	};
	rootObject = EFD6EC5B2BDAD577006337BB /* Project object */;
}
